
Microsoft Visual Studio Solution File, Format Version 12.00
# Visual Studio Version 17
VisualStudioVersion = 17.13.35919.96
MinimumVisualStudioVersion = 10.0.40219.1
Project("{FAE04EC0-301F-11D3-BF4B-00C04F79EFBC}") = "AspireContainerstrationHighschool.AppHost", "AspireContainerstrationHighschool.AppHost\AspireContainerstrationHighschool.AppHost.csproj", "{53F79B67-D825-4476-AE52-FFDE3EE2CD29}"
EndProject
Project("{FAE04EC0-301F-11D3-BF4B-00C04F79EFBC}") = "AspireContainerstrationHighschool.ServiceDefaults", "AspireContainerstrationHighschool.ServiceDefaults\AspireContainerstrationHighschool.ServiceDefaults.csproj", "{FD8A7450-7406-3617-3230-F5751D1AB590}"
EndProject
Project("{2150E333-8FDC-42A3-9474-1A3956D46DE8}") = "UserService-Microservice", "UserService-Microservice", "{2A7A6406-AD25-9C5E-0C4B-E20EA45B5DD3}"
EndProject
Project("{FAE04EC0-301F-11D3-BF4B-00C04F79EFBC}") = "Application", "UserService-Microservice\Application\Application.csproj", "{295FE554-6E5D-4235-B274-F9426768F959}"
EndProject
Project("{2150E333-8FDC-42A3-9474-1A3956D46DE8}") = "DocumentService-Microservice", "DocumentService-Microservice", "{14C5491D-E7C4-87CB-C425-EC22013FEB85}"
EndProject
Project("{FAE04EC0-301F-11D3-BF4B-00C04F79EFBC}") = "Application", "DocumentService-Microservice\Application\Application.csproj", "{D8DC6109-FC09-498B-B8C9-A71BE2C64B50}"
EndProject
Project("{2150E333-8FDC-42A3-9474-1A3956D46DE8}") = "AnalyseService-Microservice", "AnalyseService-Microservice", "{84903073-BDB5-7CCA-6617-72BE814B2AE4}"
EndProject
Project("{2150E333-8FDC-42A3-9474-1A3956D46DE8}") = "src", "src", "{CAB09073-8772-70C3-50A6-B66840F98D63}"
EndProject
Project("{FAE04EC0-301F-11D3-BF4B-00C04F79EFBC}") = "Application", "AnalyseService-Microservice\src\Application\Application.csproj", "{A406A32A-BE2C-4E6F-9BFA-BF28988827FE}"
EndProject
Project("{FAE04EC0-301F-11D3-BF4B-00C04F79EFBC}") = "Domain", "AnalyseService-Microservice\src\Domain\Domain.csproj", "{AC316D6C-477B-440A-B83D-A7F87C806426}"
EndProject
Project("{FAE04EC0-301F-11D3-BF4B-00C04F79EFBC}") = "Infrastructure", "AnalyseService-Microservice\src\Infrastructure\Infrastructure.csproj", "{8519BC5D-F9CC-4C00-A3E9-457022749DFA}"
EndProject
Project("{FAE04EC0-301F-11D3-BF4B-00C04F79EFBC}") = "SharedProject", "AnalyseService-Microservice\src\SharedProject\SharedProject.csproj", "{EDCB1746-213D-4DFC-B7DB-256201F84636}"
EndProject
Project("{FAE04EC0-301F-11D3-BF4B-00C04F79EFBC}") = "Domain", "DocumentService-Microservice\Domain\Domain.csproj", "{21ADFCD7-82AC-479E-B688-10C7F2A8D379}"
EndProject
Project("{FAE04EC0-301F-11D3-BF4B-00C04F79EFBC}") = "Infrastructure", "DocumentService-Microservice\Infrastructure\Infrastructure.csproj", "{ABD7903C-39B5-4117-8E04-0703F0178D6B}"
EndProject
Project("{FAE04EC0-301F-11D3-BF4B-00C04F79EFBC}") = "SharedProject", "DocumentService-Microservice\SharedProject\SharedProject.csproj", "{276BE542-36EE-4D76-BB7D-E4AE00D0EA85}"
EndProject
Project("{FAE04EC0-301F-11D3-BF4B-00C04F79EFBC}") = "Domain", "UserService-Microservice\Domain\Domain.csproj", "{F0B57B9F-9163-4613-AAFC-DA60AE119AEA}"
EndProject
Project("{FAE04EC0-301F-11D3-BF4B-00C04F79EFBC}") = "Infrastructure", "UserService-Microservice\Infrastructure\Infrastructure.csproj", "{D0E7FA66-7DA5-4022-AAF4-45E1B5EA2A44}"
EndProject
Project("{FAE04EC0-301F-11D3-BF4B-00C04F79EFBC}") = "SharedProject", "UserService-Microservice\SharedProject\SharedProject.csproj", "{B4D5E570-209D-4EDD-B0B3-571E379D9D97}"
EndProject
Project("{2150E333-8FDC-42A3-9474-1A3956D46DE8}") = "highschool-apigateway", "highschool-apigateway", "{DB6BBF57-2B08-1B28-EA52-3C107990F909}"
EndProject
Project("{FAE04EC0-301F-11D3-BF4B-00C04F79EFBC}") = "Yarp.APIGateway", "highschool-apigateway\Yarp.APIGateway\Yarp.APIGateway.csproj", "{7A22623A-52AC-478C-8A43-7E159D5EF4F8}"
EndProject
Project("{2150E333-8FDC-42A3-9474-1A3956D46DE8}") = "AcademyHubService", "AcademyHubService", "{AF3282FF-F2A1-6BC0-A45C-F01BB3B2EFB0}"
EndProject
Project("{FAE04EC0-301F-11D3-BF4B-00C04F79EFBC}") = "Application", "AcademyHubService\Application\Application.csproj", "{8C6AAC15-8C80-4712-BADE-2FC5747376E6}"
EndProject
Project("{FAE04EC0-301F-11D3-BF4B-00C04F79EFBC}") = "Domain", "AcademyHubService\Domain\Domain.csproj", "{570727F7-A895-48A8-A4C8-CB52DE5EB209}"
EndProject
Project("{FAE04EC0-301F-11D3-BF4B-00C04F79EFBC}") = "Infrastructure", "AcademyHubService\Infrastructure\Infrastructure.csproj", "{2DF14547-B626-42CB-A8C4-F94B929F34A5}"
EndProject
Project("{2150E333-8FDC-42A3-9474-1A3956D46DE8}") = "MediaService-Microservice", "MediaService-Microservice", "{2D05FA06-6302-3DE7-D797-7AAF7A485181}"
EndProject
Project("{2150E333-8FDC-42A3-9474-1A3956D46DE8}") = "src", "src", "{B4E16844-3A2D-17C6-F726-E9E42E829952}"
EndProject
Project("{FAE04EC0-301F-11D3-BF4B-00C04F79EFBC}") = "SharedProject", "MediaService-Microservice\src\SharedProject\SharedProject.csproj", "{1DDEE49D-CD66-44E3-94B7-5847076DCBD3}"
EndProject
Project("{FAE04EC0-301F-11D3-BF4B-00C04F79EFBC}") = "Application", "MediaService-Microservice\src\Application\Application.csproj", "{8B715A40-B082-4666-83B1-82ECA7D9E615}"
EndProject
Project("{FAE04EC0-301F-11D3-BF4B-00C04F79EFBC}") = "Domain", "MediaService-Microservice\src\Domain\Domain.csproj", "{B9C9B90E-5752-4398-8166-29EF28D514A1}"
EndProject
Project("{FAE04EC0-301F-11D3-BF4B-00C04F79EFBC}") = "Infrastructure", "MediaService-Microservice\src\Infrastructure\Infrastructure.csproj", "{ABD1B9BB-81C6-45F7-BBC7-7EB938636C7F}"
EndProject
Project("{2150E333-8FDC-42A3-9474-1A3956D46DE8}") = "NotificationService-Microservice", "NotificationService-Microservice", "{D8B64FA8-1991-5BDA-BEF7-3D55FEE9C652}"
EndProject
Project("{FAE04EC0-301F-11D3-BF4B-00C04F79EFBC}") = "SharedProjects", "NotificationService-Microservice\SharedProjects\SharedProjects.csproj", "{87B6AFC9-A7EE-4AF1-BD4A-5B67F0F83EEF}"
EndProject
Project("{FAE04EC0-301F-11D3-BF4B-00C04F79EFBC}") = "Application", "NotificationService-Microservice\Application\Application.csproj", "{1868FF41-B376-4AA5-AA69-73A57215E26C}"
EndProject
Project("{FAE04EC0-301F-11D3-BF4B-00C04F79EFBC}") = "Domain", "NotificationService-Microservice\Domain\Domain.csproj", "{CF8A4622-0DC1-49E6-8F41-96D365967553}"
EndProject
Project("{FAE04EC0-301F-11D3-BF4B-00C04F79EFBC}") = "Infrastructure", "NotificationService-Microservice\Infrastructure\Infrastructure.csproj", "{4C272551-5526-4CFC-8825-5F06A169FB23}"
EndProject
Project("{2150E333-8FDC-42A3-9474-1A3956D46DE8}") = "BuildingBlocks", "BuildingBlocks", "{02EA681E-C7D8-13C7-8484-4AC65E1B71E8}"
EndProject
Project("{FAE04EC0-301F-11D3-BF4B-00C04F79EFBC}") = "SharedProject", "SharedProject\SharedProject.csproj", "{A5284F4E-BFEC-4701-9872-B0A56A640ED9}"
EndProject
Project("{FAE04EC0-301F-11D3-BF4B-00C04F79EFBC}") = "KafkaGenerationAdminClient", "KafkaGenerationAdminClient\KafkaGenerationAdminClient.csproj", "{A41AF5EC-2EA8-4FC8-9524-8D894F6745E9}"
EndProject
Global
	GlobalSection(SolutionConfigurationPlatforms) = preSolution
		Debug|Any CPU = Debug|Any CPU
		Debug|x64 = Debug|x64
		Debug|x86 = Debug|x86
		Release|Any CPU = Release|Any CPU
		Release|x64 = Release|x64
		Release|x86 = Release|x86
	EndGlobalSection
	GlobalSection(ProjectConfigurationPlatforms) = postSolution
		{53F79B67-D825-4476-AE52-FFDE3EE2CD29}.Debug|Any CPU.ActiveCfg = Debug|Any CPU
		{53F79B67-D825-4476-AE52-FFDE3EE2CD29}.Debug|Any CPU.Build.0 = Debug|Any CPU
		{53F79B67-D825-4476-AE52-FFDE3EE2CD29}.Debug|x64.ActiveCfg = Debug|Any CPU
		{53F79B67-D825-4476-AE52-FFDE3EE2CD29}.Debug|x64.Build.0 = Debug|Any CPU
		{53F79B67-D825-4476-AE52-FFDE3EE2CD29}.Debug|x86.ActiveCfg = Debug|Any CPU
		{53F79B67-D825-4476-AE52-FFDE3EE2CD29}.Debug|x86.Build.0 = Debug|Any CPU
		{53F79B67-D825-4476-AE52-FFDE3EE2CD29}.Release|Any CPU.ActiveCfg = Release|Any CPU
		{53F79B67-D825-4476-AE52-FFDE3EE2CD29}.Release|Any CPU.Build.0 = Release|Any CPU
		{53F79B67-D825-4476-AE52-FFDE3EE2CD29}.Release|x64.ActiveCfg = Release|Any CPU
		{53F79B67-D825-4476-AE52-FFDE3EE2CD29}.Release|x64.Build.0 = Release|Any CPU
		{53F79B67-D825-4476-AE52-FFDE3EE2CD29}.Release|x86.ActiveCfg = Release|Any CPU
		{53F79B67-D825-4476-AE52-FFDE3EE2CD29}.Release|x86.Build.0 = Release|Any CPU
		{FD8A7450-7406-3617-3230-F5751D1AB590}.Debug|Any CPU.ActiveCfg = Debug|Any CPU
		{FD8A7450-7406-3617-3230-F5751D1AB590}.Debug|Any CPU.Build.0 = Debug|Any CPU
		{FD8A7450-7406-3617-3230-F5751D1AB590}.Debug|x64.ActiveCfg = Debug|Any CPU
		{FD8A7450-7406-3617-3230-F5751D1AB590}.Debug|x64.Build.0 = Debug|Any CPU
		{FD8A7450-7406-3617-3230-F5751D1AB590}.Debug|x86.ActiveCfg = Debug|Any CPU
		{FD8A7450-7406-3617-3230-F5751D1AB590}.Debug|x86.Build.0 = Debug|Any CPU
		{FD8A7450-7406-3617-3230-F5751D1AB590}.Release|Any CPU.ActiveCfg = Release|Any CPU
		{FD8A7450-7406-3617-3230-F5751D1AB590}.Release|Any CPU.Build.0 = Release|Any CPU
		{FD8A7450-7406-3617-3230-F5751D1AB590}.Release|x64.ActiveCfg = Release|Any CPU
		{FD8A7450-7406-3617-3230-F5751D1AB590}.Release|x64.Build.0 = Release|Any CPU
		{FD8A7450-7406-3617-3230-F5751D1AB590}.Release|x86.ActiveCfg = Release|Any CPU
		{FD8A7450-7406-3617-3230-F5751D1AB590}.Release|x86.Build.0 = Release|Any CPU
		{295FE554-6E5D-4235-B274-F9426768F959}.Debug|Any CPU.ActiveCfg = Debug|Any CPU
		{295FE554-6E5D-4235-B274-F9426768F959}.Debug|Any CPU.Build.0 = Debug|Any CPU
		{295FE554-6E5D-4235-B274-F9426768F959}.Debug|x64.ActiveCfg = Debug|Any CPU
		{295FE554-6E5D-4235-B274-F9426768F959}.Debug|x64.Build.0 = Debug|Any CPU
		{295FE554-6E5D-4235-B274-F9426768F959}.Debug|x86.ActiveCfg = Debug|Any CPU
		{295FE554-6E5D-4235-B274-F9426768F959}.Debug|x86.Build.0 = Debug|Any CPU
		{295FE554-6E5D-4235-B274-F9426768F959}.Release|Any CPU.ActiveCfg = Release|Any CPU
		{295FE554-6E5D-4235-B274-F9426768F959}.Release|Any CPU.Build.0 = Release|Any CPU
		{295FE554-6E5D-4235-B274-F9426768F959}.Release|x64.ActiveCfg = Release|Any CPU
		{295FE554-6E5D-4235-B274-F9426768F959}.Release|x64.Build.0 = Release|Any CPU
		{295FE554-6E5D-4235-B274-F9426768F959}.Release|x86.ActiveCfg = Release|Any CPU
		{295FE554-6E5D-4235-B274-F9426768F959}.Release|x86.Build.0 = Release|Any CPU
		{D8DC6109-FC09-498B-B8C9-A71BE2C64B50}.Debug|Any CPU.ActiveCfg = Debug|Any CPU
		{D8DC6109-FC09-498B-B8C9-A71BE2C64B50}.Debug|Any CPU.Build.0 = Debug|Any CPU
		{D8DC6109-FC09-498B-B8C9-A71BE2C64B50}.Debug|x64.ActiveCfg = Debug|Any CPU
		{D8DC6109-FC09-498B-B8C9-A71BE2C64B50}.Debug|x64.Build.0 = Debug|Any CPU
		{D8DC6109-FC09-498B-B8C9-A71BE2C64B50}.Debug|x86.ActiveCfg = Debug|Any CPU
		{D8DC6109-FC09-498B-B8C9-A71BE2C64B50}.Debug|x86.Build.0 = Debug|Any CPU
		{D8DC6109-FC09-498B-B8C9-A71BE2C64B50}.Release|Any CPU.ActiveCfg = Release|Any CPU
		{D8DC6109-FC09-498B-B8C9-A71BE2C64B50}.Release|Any CPU.Build.0 = Release|Any CPU
		{D8DC6109-FC09-498B-B8C9-A71BE2C64B50}.Release|x64.ActiveCfg = Release|Any CPU
		{D8DC6109-FC09-498B-B8C9-A71BE2C64B50}.Release|x64.Build.0 = Release|Any CPU
		{D8DC6109-FC09-498B-B8C9-A71BE2C64B50}.Release|x86.ActiveCfg = Release|Any CPU
		{D8DC6109-FC09-498B-B8C9-A71BE2C64B50}.Release|x86.Build.0 = Release|Any CPU
		{A406A32A-BE2C-4E6F-9BFA-BF28988827FE}.Debug|Any CPU.ActiveCfg = Debug|Any CPU
		{A406A32A-BE2C-4E6F-9BFA-BF28988827FE}.Debug|Any CPU.Build.0 = Debug|Any CPU
		{A406A32A-BE2C-4E6F-9BFA-BF28988827FE}.Debug|x64.ActiveCfg = Debug|Any CPU
		{A406A32A-BE2C-4E6F-9BFA-BF28988827FE}.Debug|x64.Build.0 = Debug|Any CPU
		{A406A32A-BE2C-4E6F-9BFA-BF28988827FE}.Debug|x86.ActiveCfg = Debug|Any CPU
		{A406A32A-BE2C-4E6F-9BFA-BF28988827FE}.Debug|x86.Build.0 = Debug|Any CPU
		{A406A32A-BE2C-4E6F-9BFA-BF28988827FE}.Release|Any CPU.ActiveCfg = Release|Any CPU
		{A406A32A-BE2C-4E6F-9BFA-BF28988827FE}.Release|Any CPU.Build.0 = Release|Any CPU
		{A406A32A-BE2C-4E6F-9BFA-BF28988827FE}.Release|x64.ActiveCfg = Release|Any CPU
		{A406A32A-BE2C-4E6F-9BFA-BF28988827FE}.Release|x64.Build.0 = Release|Any CPU
		{A406A32A-BE2C-4E6F-9BFA-BF28988827FE}.Release|x86.ActiveCfg = Release|Any CPU
		{A406A32A-BE2C-4E6F-9BFA-BF28988827FE}.Release|x86.Build.0 = Release|Any CPU
		{AC316D6C-477B-440A-B83D-A7F87C806426}.Debug|Any CPU.ActiveCfg = Debug|Any CPU
		{AC316D6C-477B-440A-B83D-A7F87C806426}.Debug|Any CPU.Build.0 = Debug|Any CPU
		{AC316D6C-477B-440A-B83D-A7F87C806426}.Debug|x64.ActiveCfg = Debug|Any CPU
		{AC316D6C-477B-440A-B83D-A7F87C806426}.Debug|x64.Build.0 = Debug|Any CPU
		{AC316D6C-477B-440A-B83D-A7F87C806426}.Debug|x86.ActiveCfg = Debug|Any CPU
		{AC316D6C-477B-440A-B83D-A7F87C806426}.Debug|x86.Build.0 = Debug|Any CPU
		{AC316D6C-477B-440A-B83D-A7F87C806426}.Release|Any CPU.ActiveCfg = Release|Any CPU
		{AC316D6C-477B-440A-B83D-A7F87C806426}.Release|Any CPU.Build.0 = Release|Any CPU
		{AC316D6C-477B-440A-B83D-A7F87C806426}.Release|x64.ActiveCfg = Release|Any CPU
		{AC316D6C-477B-440A-B83D-A7F87C806426}.Release|x64.Build.0 = Release|Any CPU
		{AC316D6C-477B-440A-B83D-A7F87C806426}.Release|x86.ActiveCfg = Release|Any CPU
		{AC316D6C-477B-440A-B83D-A7F87C806426}.Release|x86.Build.0 = Release|Any CPU
		{8519BC5D-F9CC-4C00-A3E9-457022749DFA}.Debug|Any CPU.ActiveCfg = Debug|Any CPU
		{8519BC5D-F9CC-4C00-A3E9-457022749DFA}.Debug|Any CPU.Build.0 = Debug|Any CPU
		{8519BC5D-F9CC-4C00-A3E9-457022749DFA}.Debug|x64.ActiveCfg = Debug|Any CPU
		{8519BC5D-F9CC-4C00-A3E9-457022749DFA}.Debug|x64.Build.0 = Debug|Any CPU
		{8519BC5D-F9CC-4C00-A3E9-457022749DFA}.Debug|x86.ActiveCfg = Debug|Any CPU
		{8519BC5D-F9CC-4C00-A3E9-457022749DFA}.Debug|x86.Build.0 = Debug|Any CPU
		{8519BC5D-F9CC-4C00-A3E9-457022749DFA}.Release|Any CPU.ActiveCfg = Release|Any CPU
		{8519BC5D-F9CC-4C00-A3E9-457022749DFA}.Release|Any CPU.Build.0 = Release|Any CPU
		{8519BC5D-F9CC-4C00-A3E9-457022749DFA}.Release|x64.ActiveCfg = Release|Any CPU
		{8519BC5D-F9CC-4C00-A3E9-457022749DFA}.Release|x64.Build.0 = Release|Any CPU
		{8519BC5D-F9CC-4C00-A3E9-457022749DFA}.Release|x86.ActiveCfg = Release|Any CPU
		{8519BC5D-F9CC-4C00-A3E9-457022749DFA}.Release|x86.Build.0 = Release|Any CPU
		{EDCB1746-213D-4DFC-B7DB-256201F84636}.Debug|Any CPU.ActiveCfg = Debug|Any CPU
		{EDCB1746-213D-4DFC-B7DB-256201F84636}.Debug|Any CPU.Build.0 = Debug|Any CPU
		{EDCB1746-213D-4DFC-B7DB-256201F84636}.Debug|x64.ActiveCfg = Debug|Any CPU
		{EDCB1746-213D-4DFC-B7DB-256201F84636}.Debug|x64.Build.0 = Debug|Any CPU
		{EDCB1746-213D-4DFC-B7DB-256201F84636}.Debug|x86.ActiveCfg = Debug|Any CPU
		{EDCB1746-213D-4DFC-B7DB-256201F84636}.Debug|x86.Build.0 = Debug|Any CPU
		{EDCB1746-213D-4DFC-B7DB-256201F84636}.Release|Any CPU.ActiveCfg = Release|Any CPU
		{EDCB1746-213D-4DFC-B7DB-256201F84636}.Release|Any CPU.Build.0 = Release|Any CPU
		{EDCB1746-213D-4DFC-B7DB-256201F84636}.Release|x64.ActiveCfg = Release|Any CPU
		{EDCB1746-213D-4DFC-B7DB-256201F84636}.Release|x64.Build.0 = Release|Any CPU
		{EDCB1746-213D-4DFC-B7DB-256201F84636}.Release|x86.ActiveCfg = Release|Any CPU
		{EDCB1746-213D-4DFC-B7DB-256201F84636}.Release|x86.Build.0 = Release|Any CPU
		{21ADFCD7-82AC-479E-B688-10C7F2A8D379}.Debug|Any CPU.ActiveCfg = Debug|Any CPU
		{21ADFCD7-82AC-479E-B688-10C7F2A8D379}.Debug|Any CPU.Build.0 = Debug|Any CPU
		{21ADFCD7-82AC-479E-B688-10C7F2A8D379}.Debug|x64.ActiveCfg = Debug|Any CPU
		{21ADFCD7-82AC-479E-B688-10C7F2A8D379}.Debug|x64.Build.0 = Debug|Any CPU
		{21ADFCD7-82AC-479E-B688-10C7F2A8D379}.Debug|x86.ActiveCfg = Debug|Any CPU
		{21ADFCD7-82AC-479E-B688-10C7F2A8D379}.Debug|x86.Build.0 = Debug|Any CPU
		{21ADFCD7-82AC-479E-B688-10C7F2A8D379}.Release|Any CPU.ActiveCfg = Release|Any CPU
		{21ADFCD7-82AC-479E-B688-10C7F2A8D379}.Release|Any CPU.Build.0 = Release|Any CPU
		{21ADFCD7-82AC-479E-B688-10C7F2A8D379}.Release|x64.ActiveCfg = Release|Any CPU
		{21ADFCD7-82AC-479E-B688-10C7F2A8D379}.Release|x64.Build.0 = Release|Any CPU
		{21ADFCD7-82AC-479E-B688-10C7F2A8D379}.Release|x86.ActiveCfg = Release|Any CPU
		{21ADFCD7-82AC-479E-B688-10C7F2A8D379}.Release|x86.Build.0 = Release|Any CPU
		{ABD7903C-39B5-4117-8E04-0703F0178D6B}.Debug|Any CPU.ActiveCfg = Debug|Any CPU
		{ABD7903C-39B5-4117-8E04-0703F0178D6B}.Debug|Any CPU.Build.0 = Debug|Any CPU
		{ABD7903C-39B5-4117-8E04-0703F0178D6B}.Debug|x64.ActiveCfg = Debug|Any CPU
		{ABD7903C-39B5-4117-8E04-0703F0178D6B}.Debug|x64.Build.0 = Debug|Any CPU
		{ABD7903C-39B5-4117-8E04-0703F0178D6B}.Debug|x86.ActiveCfg = Debug|Any CPU
		{ABD7903C-39B5-4117-8E04-0703F0178D6B}.Debug|x86.Build.0 = Debug|Any CPU
		{ABD7903C-39B5-4117-8E04-0703F0178D6B}.Release|Any CPU.ActiveCfg = Release|Any CPU
		{ABD7903C-39B5-4117-8E04-0703F0178D6B}.Release|Any CPU.Build.0 = Release|Any CPU
		{ABD7903C-39B5-4117-8E04-0703F0178D6B}.Release|x64.ActiveCfg = Release|Any CPU
		{ABD7903C-39B5-4117-8E04-0703F0178D6B}.Release|x64.Build.0 = Release|Any CPU
		{ABD7903C-39B5-4117-8E04-0703F0178D6B}.Release|x86.ActiveCfg = Release|Any CPU
		{ABD7903C-39B5-4117-8E04-0703F0178D6B}.Release|x86.Build.0 = Release|Any CPU
		{276BE542-36EE-4D76-BB7D-E4AE00D0EA85}.Debug|Any CPU.ActiveCfg = Debug|Any CPU
		{276BE542-36EE-4D76-BB7D-E4AE00D0EA85}.Debug|Any CPU.Build.0 = Debug|Any CPU
		{276BE542-36EE-4D76-BB7D-E4AE00D0EA85}.Debug|x64.ActiveCfg = Debug|Any CPU
		{276BE542-36EE-4D76-BB7D-E4AE00D0EA85}.Debug|x64.Build.0 = Debug|Any CPU
		{276BE542-36EE-4D76-BB7D-E4AE00D0EA85}.Debug|x86.ActiveCfg = Debug|Any CPU
		{276BE542-36EE-4D76-BB7D-E4AE00D0EA85}.Debug|x86.Build.0 = Debug|Any CPU
		{276BE542-36EE-4D76-BB7D-E4AE00D0EA85}.Release|Any CPU.ActiveCfg = Release|Any CPU
		{276BE542-36EE-4D76-BB7D-E4AE00D0EA85}.Release|Any CPU.Build.0 = Release|Any CPU
		{276BE542-36EE-4D76-BB7D-E4AE00D0EA85}.Release|x64.ActiveCfg = Release|Any CPU
		{276BE542-36EE-4D76-BB7D-E4AE00D0EA85}.Release|x64.Build.0 = Release|Any CPU
		{276BE542-36EE-4D76-BB7D-E4AE00D0EA85}.Release|x86.ActiveCfg = Release|Any CPU
		{276BE542-36EE-4D76-BB7D-E4AE00D0EA85}.Release|x86.Build.0 = Release|Any CPU
		{F0B57B9F-9163-4613-AAFC-DA60AE119AEA}.Debug|Any CPU.ActiveCfg = Debug|Any CPU
		{F0B57B9F-9163-4613-AAFC-DA60AE119AEA}.Debug|Any CPU.Build.0 = Debug|Any CPU
		{F0B57B9F-9163-4613-AAFC-DA60AE119AEA}.Debug|x64.ActiveCfg = Debug|Any CPU
		{F0B57B9F-9163-4613-AAFC-DA60AE119AEA}.Debug|x64.Build.0 = Debug|Any CPU
		{F0B57B9F-9163-4613-AAFC-DA60AE119AEA}.Debug|x86.ActiveCfg = Debug|Any CPU
		{F0B57B9F-9163-4613-AAFC-DA60AE119AEA}.Debug|x86.Build.0 = Debug|Any CPU
		{F0B57B9F-9163-4613-AAFC-DA60AE119AEA}.Release|Any CPU.ActiveCfg = Release|Any CPU
		{F0B57B9F-9163-4613-AAFC-DA60AE119AEA}.Release|Any CPU.Build.0 = Release|Any CPU
		{F0B57B9F-9163-4613-AAFC-DA60AE119AEA}.Release|x64.ActiveCfg = Release|Any CPU
		{F0B57B9F-9163-4613-AAFC-DA60AE119AEA}.Release|x64.Build.0 = Release|Any CPU
		{F0B57B9F-9163-4613-AAFC-DA60AE119AEA}.Release|x86.ActiveCfg = Release|Any CPU
		{F0B57B9F-9163-4613-AAFC-DA60AE119AEA}.Release|x86.Build.0 = Release|Any CPU
		{D0E7FA66-7DA5-4022-AAF4-45E1B5EA2A44}.Debug|Any CPU.ActiveCfg = Debug|Any CPU
		{D0E7FA66-7DA5-4022-AAF4-45E1B5EA2A44}.Debug|Any CPU.Build.0 = Debug|Any CPU
		{D0E7FA66-7DA5-4022-AAF4-45E1B5EA2A44}.Debug|x64.ActiveCfg = Debug|Any CPU
		{D0E7FA66-7DA5-4022-AAF4-45E1B5EA2A44}.Debug|x64.Build.0 = Debug|Any CPU
		{D0E7FA66-7DA5-4022-AAF4-45E1B5EA2A44}.Debug|x86.ActiveCfg = Debug|Any CPU
		{D0E7FA66-7DA5-4022-AAF4-45E1B5EA2A44}.Debug|x86.Build.0 = Debug|Any CPU
		{D0E7FA66-7DA5-4022-AAF4-45E1B5EA2A44}.Release|Any CPU.ActiveCfg = Release|Any CPU
		{D0E7FA66-7DA5-4022-AAF4-45E1B5EA2A44}.Release|Any CPU.Build.0 = Release|Any CPU
		{D0E7FA66-7DA5-4022-AAF4-45E1B5EA2A44}.Release|x64.ActiveCfg = Release|Any CPU
		{D0E7FA66-7DA5-4022-AAF4-45E1B5EA2A44}.Release|x64.Build.0 = Release|Any CPU
		{D0E7FA66-7DA5-4022-AAF4-45E1B5EA2A44}.Release|x86.ActiveCfg = Release|Any CPU
		{D0E7FA66-7DA5-4022-AAF4-45E1B5EA2A44}.Release|x86.Build.0 = Release|Any CPU
		{B4D5E570-209D-4EDD-B0B3-571E379D9D97}.Debug|Any CPU.ActiveCfg = Debug|Any CPU
		{B4D5E570-209D-4EDD-B0B3-571E379D9D97}.Debug|Any CPU.Build.0 = Debug|Any CPU
		{B4D5E570-209D-4EDD-B0B3-571E379D9D97}.Debug|x64.ActiveCfg = Debug|Any CPU
		{B4D5E570-209D-4EDD-B0B3-571E379D9D97}.Debug|x64.Build.0 = Debug|Any CPU
		{B4D5E570-209D-4EDD-B0B3-571E379D9D97}.Debug|x86.ActiveCfg = Debug|Any CPU
		{B4D5E570-209D-4EDD-B0B3-571E379D9D97}.Debug|x86.Build.0 = Debug|Any CPU
		{B4D5E570-209D-4EDD-B0B3-571E379D9D97}.Release|Any CPU.ActiveCfg = Release|Any CPU
		{B4D5E570-209D-4EDD-B0B3-571E379D9D97}.Release|Any CPU.Build.0 = Release|Any CPU
		{B4D5E570-209D-4EDD-B0B3-571E379D9D97}.Release|x64.ActiveCfg = Release|Any CPU
		{B4D5E570-209D-4EDD-B0B3-571E379D9D97}.Release|x64.Build.0 = Release|Any CPU
		{B4D5E570-209D-4EDD-B0B3-571E379D9D97}.Release|x86.ActiveCfg = Release|Any CPU
		{B4D5E570-209D-4EDD-B0B3-571E379D9D97}.Release|x86.Build.0 = Release|Any CPU
		{7A22623A-52AC-478C-8A43-7E159D5EF4F8}.Debug|Any CPU.ActiveCfg = Debug|Any CPU
		{7A22623A-52AC-478C-8A43-7E159D5EF4F8}.Debug|Any CPU.Build.0 = Debug|Any CPU
		{7A22623A-52AC-478C-8A43-7E159D5EF4F8}.Debug|x64.ActiveCfg = Debug|Any CPU
		{7A22623A-52AC-478C-8A43-7E159D5EF4F8}.Debug|x64.Build.0 = Debug|Any CPU
		{7A22623A-52AC-478C-8A43-7E159D5EF4F8}.Debug|x86.ActiveCfg = Debug|Any CPU
		{7A22623A-52AC-478C-8A43-7E159D5EF4F8}.Debug|x86.Build.0 = Debug|Any CPU
		{7A22623A-52AC-478C-8A43-7E159D5EF4F8}.Release|Any CPU.ActiveCfg = Release|Any CPU
		{7A22623A-52AC-478C-8A43-7E159D5EF4F8}.Release|Any CPU.Build.0 = Release|Any CPU
		{7A22623A-52AC-478C-8A43-7E159D5EF4F8}.Release|x64.ActiveCfg = Release|Any CPU
		{7A22623A-52AC-478C-8A43-7E159D5EF4F8}.Release|x64.Build.0 = Release|Any CPU
		{7A22623A-52AC-478C-8A43-7E159D5EF4F8}.Release|x86.ActiveCfg = Release|Any CPU
		{7A22623A-52AC-478C-8A43-7E159D5EF4F8}.Release|x86.Build.0 = Release|Any CPU
		{8C6AAC15-8C80-4712-BADE-2FC5747376E6}.Debug|Any CPU.ActiveCfg = Debug|Any CPU
		{8C6AAC15-8C80-4712-BADE-2FC5747376E6}.Debug|Any CPU.Build.0 = Debug|Any CPU
		{8C6AAC15-8C80-4712-BADE-2FC5747376E6}.Debug|x64.ActiveCfg = Debug|Any CPU
		{8C6AAC15-8C80-4712-BADE-2FC5747376E6}.Debug|x64.Build.0 = Debug|Any CPU
		{8C6AAC15-8C80-4712-BADE-2FC5747376E6}.Debug|x86.ActiveCfg = Debug|Any CPU
		{8C6AAC15-8C80-4712-BADE-2FC5747376E6}.Debug|x86.Build.0 = Debug|Any CPU
		{8C6AAC15-8C80-4712-BADE-2FC5747376E6}.Release|Any CPU.ActiveCfg = Release|Any CPU
		{8C6AAC15-8C80-4712-BADE-2FC5747376E6}.Release|Any CPU.Build.0 = Release|Any CPU
		{8C6AAC15-8C80-4712-BADE-2FC5747376E6}.Release|x64.ActiveCfg = Release|Any CPU
		{8C6AAC15-8C80-4712-BADE-2FC5747376E6}.Release|x64.Build.0 = Release|Any CPU
		{8C6AAC15-8C80-4712-BADE-2FC5747376E6}.Release|x86.ActiveCfg = Release|Any CPU
		{8C6AAC15-8C80-4712-BADE-2FC5747376E6}.Release|x86.Build.0 = Release|Any CPU
		{570727F7-A895-48A8-A4C8-CB52DE5EB209}.Debug|Any CPU.ActiveCfg = Debug|Any CPU
		{570727F7-A895-48A8-A4C8-CB52DE5EB209}.Debug|Any CPU.Build.0 = Debug|Any CPU
		{570727F7-A895-48A8-A4C8-CB52DE5EB209}.Debug|x64.ActiveCfg = Debug|Any CPU
		{570727F7-A895-48A8-A4C8-CB52DE5EB209}.Debug|x64.Build.0 = Debug|Any CPU
		{570727F7-A895-48A8-A4C8-CB52DE5EB209}.Debug|x86.ActiveCfg = Debug|Any CPU
		{570727F7-A895-48A8-A4C8-CB52DE5EB209}.Debug|x86.Build.0 = Debug|Any CPU
		{570727F7-A895-48A8-A4C8-CB52DE5EB209}.Release|Any CPU.ActiveCfg = Release|Any CPU
		{570727F7-A895-48A8-A4C8-CB52DE5EB209}.Release|Any CPU.Build.0 = Release|Any CPU
		{570727F7-A895-48A8-A4C8-CB52DE5EB209}.Release|x64.ActiveCfg = Release|Any CPU
		{570727F7-A895-48A8-A4C8-CB52DE5EB209}.Release|x64.Build.0 = Release|Any CPU
		{570727F7-A895-48A8-A4C8-CB52DE5EB209}.Release|x86.ActiveCfg = Release|Any CPU
		{570727F7-A895-48A8-A4C8-CB52DE5EB209}.Release|x86.Build.0 = Release|Any CPU
		{2DF14547-B626-42CB-A8C4-F94B929F34A5}.Debug|Any CPU.ActiveCfg = Debug|Any CPU
		{2DF14547-B626-42CB-A8C4-F94B929F34A5}.Debug|Any CPU.Build.0 = Debug|Any CPU
		{2DF14547-B626-42CB-A8C4-F94B929F34A5}.Debug|x64.ActiveCfg = Debug|Any CPU
		{2DF14547-B626-42CB-A8C4-F94B929F34A5}.Debug|x64.Build.0 = Debug|Any CPU
		{2DF14547-B626-42CB-A8C4-F94B929F34A5}.Debug|x86.ActiveCfg = Debug|Any CPU
		{2DF14547-B626-42CB-A8C4-F94B929F34A5}.Debug|x86.Build.0 = Debug|Any CPU
		{2DF14547-B626-42CB-A8C4-F94B929F34A5}.Release|Any CPU.ActiveCfg = Release|Any CPU
		{2DF14547-B626-42CB-A8C4-F94B929F34A5}.Release|Any CPU.Build.0 = Release|Any CPU
		{2DF14547-B626-42CB-A8C4-F94B929F34A5}.Release|x64.ActiveCfg = Release|Any CPU
		{2DF14547-B626-42CB-A8C4-F94B929F34A5}.Release|x64.Build.0 = Release|Any CPU
		{2DF14547-B626-42CB-A8C4-F94B929F34A5}.Release|x86.ActiveCfg = Release|Any CPU
		{2DF14547-B626-42CB-A8C4-F94B929F34A5}.Release|x86.Build.0 = Release|Any CPU
		{1DDEE49D-CD66-44E3-94B7-5847076DCBD3}.Debug|Any CPU.ActiveCfg = Debug|Any CPU
		{1DDEE49D-CD66-44E3-94B7-5847076DCBD3}.Debug|Any CPU.Build.0 = Debug|Any CPU
		{1DDEE49D-CD66-44E3-94B7-5847076DCBD3}.Debug|x64.ActiveCfg = Debug|Any CPU
		{1DDEE49D-CD66-44E3-94B7-5847076DCBD3}.Debug|x64.Build.0 = Debug|Any CPU
		{1DDEE49D-CD66-44E3-94B7-5847076DCBD3}.Debug|x86.ActiveCfg = Debug|Any CPU
		{1DDEE49D-CD66-44E3-94B7-5847076DCBD3}.Debug|x86.Build.0 = Debug|Any CPU
		{1DDEE49D-CD66-44E3-94B7-5847076DCBD3}.Release|Any CPU.ActiveCfg = Release|Any CPU
		{1DDEE49D-CD66-44E3-94B7-5847076DCBD3}.Release|Any CPU.Build.0 = Release|Any CPU
		{1DDEE49D-CD66-44E3-94B7-5847076DCBD3}.Release|x64.ActiveCfg = Release|Any CPU
		{1DDEE49D-CD66-44E3-94B7-5847076DCBD3}.Release|x64.Build.0 = Release|Any CPU
		{1DDEE49D-CD66-44E3-94B7-5847076DCBD3}.Release|x86.ActiveCfg = Release|Any CPU
		{1DDEE49D-CD66-44E3-94B7-5847076DCBD3}.Release|x86.Build.0 = Release|Any CPU
		{8B715A40-B082-4666-83B1-82ECA7D9E615}.Debug|Any CPU.ActiveCfg = Debug|Any CPU
		{8B715A40-B082-4666-83B1-82ECA7D9E615}.Debug|Any CPU.Build.0 = Debug|Any CPU
		{8B715A40-B082-4666-83B1-82ECA7D9E615}.Debug|x64.ActiveCfg = Debug|Any CPU
		{8B715A40-B082-4666-83B1-82ECA7D9E615}.Debug|x64.Build.0 = Debug|Any CPU
		{8B715A40-B082-4666-83B1-82ECA7D9E615}.Debug|x86.ActiveCfg = Debug|Any CPU
		{8B715A40-B082-4666-83B1-82ECA7D9E615}.Debug|x86.Build.0 = Debug|Any CPU
		{8B715A40-B082-4666-83B1-82ECA7D9E615}.Release|Any CPU.ActiveCfg = Release|Any CPU
		{8B715A40-B082-4666-83B1-82ECA7D9E615}.Release|Any CPU.Build.0 = Release|Any CPU
		{8B715A40-B082-4666-83B1-82ECA7D9E615}.Release|x64.ActiveCfg = Release|Any CPU
		{8B715A40-B082-4666-83B1-82ECA7D9E615}.Release|x64.Build.0 = Release|Any CPU
		{8B715A40-B082-4666-83B1-82ECA7D9E615}.Release|x86.ActiveCfg = Release|Any CPU
		{8B715A40-B082-4666-83B1-82ECA7D9E615}.Release|x86.Build.0 = Release|Any CPU
		{B9C9B90E-5752-4398-8166-29EF28D514A1}.Debug|Any CPU.ActiveCfg = Debug|Any CPU
		{B9C9B90E-5752-4398-8166-29EF28D514A1}.Debug|Any CPU.Build.0 = Debug|Any CPU
		{B9C9B90E-5752-4398-8166-29EF28D514A1}.Debug|x64.ActiveCfg = Debug|Any CPU
		{B9C9B90E-5752-4398-8166-29EF28D514A1}.Debug|x64.Build.0 = Debug|Any CPU
		{B9C9B90E-5752-4398-8166-29EF28D514A1}.Debug|x86.ActiveCfg = Debug|Any CPU
		{B9C9B90E-5752-4398-8166-29EF28D514A1}.Debug|x86.Build.0 = Debug|Any CPU
		{B9C9B90E-5752-4398-8166-29EF28D514A1}.Release|Any CPU.ActiveCfg = Release|Any CPU
		{B9C9B90E-5752-4398-8166-29EF28D514A1}.Release|Any CPU.Build.0 = Release|Any CPU
		{B9C9B90E-5752-4398-8166-29EF28D514A1}.Release|x64.ActiveCfg = Release|Any CPU
		{B9C9B90E-5752-4398-8166-29EF28D514A1}.Release|x64.Build.0 = Release|Any CPU
		{B9C9B90E-5752-4398-8166-29EF28D514A1}.Release|x86.ActiveCfg = Release|Any CPU
		{B9C9B90E-5752-4398-8166-29EF28D514A1}.Release|x86.Build.0 = Release|Any CPU
		{ABD1B9BB-81C6-45F7-BBC7-7EB938636C7F}.Debug|Any CPU.ActiveCfg = Debug|Any CPU
		{ABD1B9BB-81C6-45F7-BBC7-7EB938636C7F}.Debug|Any CPU.Build.0 = Debug|Any CPU
		{ABD1B9BB-81C6-45F7-BBC7-7EB938636C7F}.Debug|x64.ActiveCfg = Debug|Any CPU
		{ABD1B9BB-81C6-45F7-BBC7-7EB938636C7F}.Debug|x64.Build.0 = Debug|Any CPU
		{ABD1B9BB-81C6-45F7-BBC7-7EB938636C7F}.Debug|x86.ActiveCfg = Debug|Any CPU
		{ABD1B9BB-81C6-45F7-BBC7-7EB938636C7F}.Debug|x86.Build.0 = Debug|Any CPU
		{ABD1B9BB-81C6-45F7-BBC7-7EB938636C7F}.Release|Any CPU.ActiveCfg = Release|Any CPU
		{ABD1B9BB-81C6-45F7-BBC7-7EB938636C7F}.Release|Any CPU.Build.0 = Release|Any CPU
		{ABD1B9BB-81C6-45F7-BBC7-7EB938636C7F}.Release|x64.ActiveCfg = Release|Any CPU
		{ABD1B9BB-81C6-45F7-BBC7-7EB938636C7F}.Release|x64.Build.0 = Release|Any CPU
		{ABD1B9BB-81C6-45F7-BBC7-7EB938636C7F}.Release|x86.ActiveCfg = Release|Any CPU
		{ABD1B9BB-81C6-45F7-BBC7-7EB938636C7F}.Release|x86.Build.0 = Release|Any CPU
		{87B6AFC9-A7EE-4AF1-BD4A-5B67F0F83EEF}.Debug|Any CPU.ActiveCfg = Debug|Any CPU
		{87B6AFC9-A7EE-4AF1-BD4A-5B67F0F83EEF}.Debug|Any CPU.Build.0 = Debug|Any CPU
		{87B6AFC9-A7EE-4AF1-BD4A-5B67F0F83EEF}.Debug|x64.ActiveCfg = Debug|Any CPU
		{87B6AFC9-A7EE-4AF1-BD4A-5B67F0F83EEF}.Debug|x64.Build.0 = Debug|Any CPU
		{87B6AFC9-A7EE-4AF1-BD4A-5B67F0F83EEF}.Debug|x86.ActiveCfg = Debug|Any CPU
		{87B6AFC9-A7EE-4AF1-BD4A-5B67F0F83EEF}.Debug|x86.Build.0 = Debug|Any CPU
		{87B6AFC9-A7EE-4AF1-BD4A-5B67F0F83EEF}.Release|Any CPU.ActiveCfg = Release|Any CPU
		{87B6AFC9-A7EE-4AF1-BD4A-5B67F0F83EEF}.Release|Any CPU.Build.0 = Release|Any CPU
		{87B6AFC9-A7EE-4AF1-BD4A-5B67F0F83EEF}.Release|x64.ActiveCfg = Release|Any CPU
		{87B6AFC9-A7EE-4AF1-BD4A-5B67F0F83EEF}.Release|x64.Build.0 = Release|Any CPU
		{87B6AFC9-A7EE-4AF1-BD4A-5B67F0F83EEF}.Release|x86.ActiveCfg = Release|Any CPU
		{87B6AFC9-A7EE-4AF1-BD4A-5B67F0F83EEF}.Release|x86.Build.0 = Release|Any CPU
		{1868FF41-B376-4AA5-AA69-73A57215E26C}.Debug|Any CPU.ActiveCfg = Debug|Any CPU
		{1868FF41-B376-4AA5-AA69-73A57215E26C}.Debug|Any CPU.Build.0 = Debug|Any CPU
		{1868FF41-B376-4AA5-AA69-73A57215E26C}.Debug|x64.ActiveCfg = Debug|Any CPU
		{1868FF41-B376-4AA5-AA69-73A57215E26C}.Debug|x64.Build.0 = Debug|Any CPU
		{1868FF41-B376-4AA5-AA69-73A57215E26C}.Debug|x86.ActiveCfg = Debug|Any CPU
		{1868FF41-B376-4AA5-AA69-73A57215E26C}.Debug|x86.Build.0 = Debug|Any CPU
		{1868FF41-B376-4AA5-AA69-73A57215E26C}.Release|Any CPU.ActiveCfg = Release|Any CPU
		{1868FF41-B376-4AA5-AA69-73A57215E26C}.Release|Any CPU.Build.0 = Release|Any CPU
		{1868FF41-B376-4AA5-AA69-73A57215E26C}.Release|x64.ActiveCfg = Release|Any CPU
		{1868FF41-B376-4AA5-AA69-73A57215E26C}.Release|x64.Build.0 = Release|Any CPU
		{1868FF41-B376-4AA5-AA69-73A57215E26C}.Release|x86.ActiveCfg = Release|Any CPU
		{1868FF41-B376-4AA5-AA69-73A57215E26C}.Release|x86.Build.0 = Release|Any CPU
		{CF8A4622-0DC1-49E6-8F41-96D365967553}.Debug|Any CPU.ActiveCfg = Debug|Any CPU
		{CF8A4622-0DC1-49E6-8F41-96D365967553}.Debug|Any CPU.Build.0 = Debug|Any CPU
		{CF8A4622-0DC1-49E6-8F41-96D365967553}.Debug|x64.ActiveCfg = Debug|Any CPU
		{CF8A4622-0DC1-49E6-8F41-96D365967553}.Debug|x64.Build.0 = Debug|Any CPU
		{CF8A4622-0DC1-49E6-8F41-96D365967553}.Debug|x86.ActiveCfg = Debug|Any CPU
		{CF8A4622-0DC1-49E6-8F41-96D365967553}.Debug|x86.Build.0 = Debug|Any CPU
		{CF8A4622-0DC1-49E6-8F41-96D365967553}.Release|Any CPU.ActiveCfg = Release|Any CPU
		{CF8A4622-0DC1-49E6-8F41-96D365967553}.Release|Any CPU.Build.0 = Release|Any CPU
		{CF8A4622-0DC1-49E6-8F41-96D365967553}.Release|x64.ActiveCfg = Release|Any CPU
		{CF8A4622-0DC1-49E6-8F41-96D365967553}.Release|x64.Build.0 = Release|Any CPU
		{CF8A4622-0DC1-49E6-8F41-96D365967553}.Release|x86.ActiveCfg = Release|Any CPU
		{CF8A4622-0DC1-49E6-8F41-96D365967553}.Release|x86.Build.0 = Release|Any CPU
		{4C272551-5526-4CFC-8825-5F06A169FB23}.Debug|Any CPU.ActiveCfg = Debug|Any CPU
		{4C272551-5526-4CFC-8825-5F06A169FB23}.Debug|Any CPU.Build.0 = Debug|Any CPU
		{4C272551-5526-4CFC-8825-5F06A169FB23}.Debug|x64.ActiveCfg = Debug|Any CPU
		{4C272551-5526-4CFC-8825-5F06A169FB23}.Debug|x64.Build.0 = Debug|Any CPU
		{4C272551-5526-4CFC-8825-5F06A169FB23}.Debug|x86.ActiveCfg = Debug|Any CPU
		{4C272551-5526-4CFC-8825-5F06A169FB23}.Debug|x86.Build.0 = Debug|Any CPU
		{4C272551-5526-4CFC-8825-5F06A169FB23}.Release|Any CPU.ActiveCfg = Release|Any CPU
		{4C272551-5526-4CFC-8825-5F06A169FB23}.Release|Any CPU.Build.0 = Release|Any CPU
		{4C272551-5526-4CFC-8825-5F06A169FB23}.Release|x64.ActiveCfg = Release|Any CPU
		{4C272551-5526-4CFC-8825-5F06A169FB23}.Release|x64.Build.0 = Release|Any CPU
		{4C272551-5526-4CFC-8825-5F06A169FB23}.Release|x86.ActiveCfg = Release|Any CPU
		{4C272551-5526-4CFC-8825-5F06A169FB23}.Release|x86.Build.0 = Release|Any CPU
		{A5284F4E-BFEC-4701-9872-B0A56A640ED9}.Debug|Any CPU.ActiveCfg = Debug|Any CPU
		{A5284F4E-BFEC-4701-9872-B0A56A640ED9}.Debug|Any CPU.Build.0 = Debug|Any CPU
		{A5284F4E-BFEC-4701-9872-B0A56A640ED9}.Debug|x64.ActiveCfg = Debug|Any CPU
		{A5284F4E-BFEC-4701-9872-B0A56A640ED9}.Debug|x64.Build.0 = Debug|Any CPU
		{A5284F4E-BFEC-4701-9872-B0A56A640ED9}.Debug|x86.ActiveCfg = Debug|Any CPU
		{A5284F4E-BFEC-4701-9872-B0A56A640ED9}.Debug|x86.Build.0 = Debug|Any CPU
		{A5284F4E-BFEC-4701-9872-B0A56A640ED9}.Release|Any CPU.ActiveCfg = Release|Any CPU
		{A5284F4E-BFEC-4701-9872-B0A56A640ED9}.Release|Any CPU.Build.0 = Release|Any CPU
		{A5284F4E-BFEC-4701-9872-B0A56A640ED9}.Release|x64.ActiveCfg = Release|Any CPU
		{A5284F4E-BFEC-4701-9872-B0A56A640ED9}.Release|x64.Build.0 = Release|Any CPU
		{A5284F4E-BFEC-4701-9872-B0A56A640ED9}.Release|x86.ActiveCfg = Release|Any CPU
		{A5284F4E-BFEC-4701-9872-B0A56A640ED9}.Release|x86.Build.0 = Release|Any CPU
		{A41AF5EC-2EA8-4FC8-9524-8D894F6745E9}.Debug|Any CPU.ActiveCfg = Debug|Any CPU
		{A41AF5EC-2EA8-4FC8-9524-8D894F6745E9}.Debug|Any CPU.Build.0 = Debug|Any CPU
		{A41AF5EC-2EA8-4FC8-9524-8D894F6745E9}.Debug|x64.ActiveCfg = Debug|Any CPU
		{A41AF5EC-2EA8-4FC8-9524-8D894F6745E9}.Debug|x64.Build.0 = Debug|Any CPU
		{A41AF5EC-2EA8-4FC8-9524-8D894F6745E9}.Debug|x86.ActiveCfg = Debug|Any CPU
		{A41AF5EC-2EA8-4FC8-9524-8D894F6745E9}.Debug|x86.Build.0 = Debug|Any CPU
		{A41AF5EC-2EA8-4FC8-9524-8D894F6745E9}.Release|Any CPU.ActiveCfg = Release|Any CPU
		{A41AF5EC-2EA8-4FC8-9524-8D894F6745E9}.Release|Any CPU.Build.0 = Release|Any CPU
		{A41AF5EC-2EA8-4FC8-9524-8D894F6745E9}.Release|x64.ActiveCfg = Release|Any CPU
		{A41AF5EC-2EA8-4FC8-9524-8D894F6745E9}.Release|x64.Build.0 = Release|Any CPU
		{A41AF5EC-2EA8-4FC8-9524-8D894F6745E9}.Release|x86.ActiveCfg = Release|Any CPU
		{A41AF5EC-2EA8-4FC8-9524-8D894F6745E9}.Release|x86.Build.0 = Release|Any CPU
	EndGlobalSection
	GlobalSection(SolutionProperties) = preSolution
		HideSolutionNode = FALSE
	EndGlobalSection
	GlobalSection(NestedProjects) = preSolution
		{295FE554-6E5D-4235-B274-F9426768F959} = {2A7A6406-AD25-9C5E-0C4B-E20EA45B5DD3}
		{D8DC6109-FC09-498B-B8C9-A71BE2C64B50} = {14C5491D-E7C4-87CB-C425-EC22013FEB85}
		{CAB09073-8772-70C3-50A6-B66840F98D63} = {84903073-BDB5-7CCA-6617-72BE814B2AE4}
		{A406A32A-BE2C-4E6F-9BFA-BF28988827FE} = {CAB09073-8772-70C3-50A6-B66840F98D63}
		{AC316D6C-477B-440A-B83D-A7F87C806426} = {CAB09073-8772-70C3-50A6-B66840F98D63}
		{8519BC5D-F9CC-4C00-A3E9-457022749DFA} = {CAB09073-8772-70C3-50A6-B66840F98D63}
		{EDCB1746-213D-4DFC-B7DB-256201F84636} = {CAB09073-8772-70C3-50A6-B66840F98D63}
		{21ADFCD7-82AC-479E-B688-10C7F2A8D379} = {14C5491D-E7C4-87CB-C425-EC22013FEB85}
		{ABD7903C-39B5-4117-8E04-0703F0178D6B} = {14C5491D-E7C4-87CB-C425-EC22013FEB85}
		{276BE542-36EE-4D76-BB7D-E4AE00D0EA85} = {14C5491D-E7C4-87CB-C425-EC22013FEB85}
		{F0B57B9F-9163-4613-AAFC-DA60AE119AEA} = {2A7A6406-AD25-9C5E-0C4B-E20EA45B5DD3}
		{D0E7FA66-7DA5-4022-AAF4-45E1B5EA2A44} = {2A7A6406-AD25-9C5E-0C4B-E20EA45B5DD3}
		{B4D5E570-209D-4EDD-B0B3-571E379D9D97} = {2A7A6406-AD25-9C5E-0C4B-E20EA45B5DD3}
		{7A22623A-52AC-478C-8A43-7E159D5EF4F8} = {DB6BBF57-2B08-1B28-EA52-3C107990F909}
		{8C6AAC15-8C80-4712-BADE-2FC5747376E6} = {AF3282FF-F2A1-6BC0-A45C-F01BB3B2EFB0}
		{570727F7-A895-48A8-A4C8-CB52DE5EB209} = {AF3282FF-F2A1-6BC0-A45C-F01BB3B2EFB0}
		{2DF14547-B626-42CB-A8C4-F94B929F34A5} = {AF3282FF-F2A1-6BC0-A45C-F01BB3B2EFB0}
		{B4E16844-3A2D-17C6-F726-E9E42E829952} = {2D05FA06-6302-3DE7-D797-7AAF7A485181}
		{1DDEE49D-CD66-44E3-94B7-5847076DCBD3} = {B4E16844-3A2D-17C6-F726-E9E42E829952}
		{8B715A40-B082-4666-83B1-82ECA7D9E615} = {B4E16844-3A2D-17C6-F726-E9E42E829952}
		{B9C9B90E-5752-4398-8166-29EF28D514A1} = {B4E16844-3A2D-17C6-F726-E9E42E829952}
		{ABD1B9BB-81C6-45F7-BBC7-7EB938636C7F} = {B4E16844-3A2D-17C6-F726-E9E42E829952}
		{87B6AFC9-A7EE-4AF1-BD4A-5B67F0F83EEF} = {D8B64FA8-1991-5BDA-BEF7-3D55FEE9C652}
		{1868FF41-B376-4AA5-AA69-73A57215E26C} = {D8B64FA8-1991-5BDA-BEF7-3D55FEE9C652}
		{CF8A4622-0DC1-49E6-8F41-96D365967553} = {D8B64FA8-1991-5BDA-BEF7-3D55FEE9C652}
		{4C272551-5526-4CFC-8825-5F06A169FB23} = {D8B64FA8-1991-5BDA-BEF7-3D55FEE9C652}
		{A5284F4E-BFEC-4701-9872-B0A56A640ED9} = {AF3282FF-F2A1-6BC0-A45C-F01BB3B2EFB0}
		{A41AF5EC-2EA8-4FC8-9524-8D894F6745E9} = {02EA681E-C7D8-13C7-8484-4AC65E1B71E8}
	EndGlobalSection
	GlobalSection(ExtensibilityGlobals) = postSolution
		SolutionGuid = {B3366391-94A0-49BE-9A94-2E5A0B28C94F}
	EndGlobalSection
EndGlobal
