
Microsoft Visual Studio Solution File, Format Version 12.00
# Visual Studio Version 17
VisualStudioVersion = 17.2.32519.379
MinimumVisualStudioVersion = 10.0.40219.1
Project("{9A19103F-16F7-4668-BE54-9A1E7A4F7556}") = "TransactionService.PL", "TransactionService.PL\TransactionService.PL.csproj", "{BA326DC9-5001-42AA-ADFA-DCBCDBAD14EE}"
EndProject
Project("{2150E333-8FDC-42A3-9474-1A3956D46DE8}") = "01_PublishedLanguage", "01_PublishedLanguage", "{7C51AC0D-172A-4CC1-8FA6-F11876809225}"
EndProject
Project("{2150E333-8FDC-42A3-9474-1A3956D46DE8}") = "02_WriteModel", "02_WriteModel", "{9D69CA7F-9ADC-4957-A11D-A37FF1A076E2}"
EndProject
Project("{2150E333-8FDC-42A3-9474-1A3956D46DE8}") = "Application", "Application", "{30E9144B-A33B-4DEA-9B5C-0897F81BC53A}"
EndProject
Project("{9A19103F-16F7-4668-BE54-9A1E7A4F7556}") = "TransactionService.Domain", "TransactionService.Domain\TransactionService.Domain.csproj", "{89CA37CC-FADE-4F32-88A1-A5B5FE42EB3C}"
EndProject
Project("{2150E333-8FDC-42A3-9474-1A3956D46DE8}") = "Domain", "Domain", "{70760C75-ABDE-4459-9E11-0A09763AC8D9}"
EndProject
Project("{9A19103F-16F7-4668-BE54-9A1E7A4F7556}") = "TransactionService.Domain.Impl", "TransactionService.Domain.Impl\TransactionService.Domain.Impl.csproj", "{B0AE2AAD-6FBD-4D35-BBD2-B22BBCAB13D6}"
EndProject
Project("{2150E333-8FDC-42A3-9474-1A3956D46DE8}") = "NSBus", "NSBus", "{ADC7A2B4-02D9-4C7C-B1B2-9C1B91A33DED}"
EndProject
Project("{9A19103F-16F7-4668-BE54-9A1E7A4F7556}") = "TransactionService.Domain.NSBus", "TransactionService.Domain.NSBus\TransactionService.Domain.NSBus.csproj", "{C78C4C24-6770-4178-84EC-196414FFC875}"
EndProject
Project("{9A19103F-16F7-4668-BE54-9A1E7A4F7556}") = "TransactionService.App", "TransactionService.App\TransactionService.App.csproj", "{13FC4970-0AD6-41FB-9430-3F34BBCBD66F}"
EndProject
Project("{2150E333-8FDC-42A3-9474-1A3956D46DE8}") = "03_ReadModel", "03_ReadModel", "{BB17777B-4C37-4AE1-B628-2B11273908FC}"
EndProject
Project("{2150E333-8FDC-42A3-9474-1A3956D46DE8}") = "Model", "Model", "{E2CFC051-2B50-48C8-8177-165A958F6757}"
EndProject
Project("{9A19103F-16F7-4668-BE54-9A1E7A4F7556}") = "TransactionService.ReadModel", "TransactionService.ReadModel\TransactionService.ReadModel.csproj", "{D2A6BA24-A206-4997-B3FD-8EFB013D8C77}"
EndProject
Project("{2150E333-8FDC-42A3-9474-1A3956D46DE8}") = "Projections", "Projections", "{C50A78DE-FDD8-4BAF-AD0A-4651CEC271A2}"
EndProject
Project("{9A19103F-16F7-4668-BE54-9A1E7A4F7556}") = "TransactionService.ReadModel.Projections", "TransactionService.ReadModel.Projections\TransactionService.ReadModel.Projections.csproj", "{346F418E-1B0C-4E38-B1C9-52D11CA8DFBA}"
EndProject
Project("{9A19103F-16F7-4668-BE54-9A1E7A4F7556}") = "TransactionService.ReadModel.Projections.EventStoreDB", "TransactionService.ReadModel.Projections.EventStoreDB\TransactionService.ReadModel.Projections.EventStoreDB.csproj", "{51BEBC9F-01CA-48E7-A7D1-F537D5CEF4E4}"
EndProject
Project("{2150E333-8FDC-42A3-9474-1A3956D46DE8}") = "Queries", "Queries", "{3163812D-6981-4F38-83FB-2300D6DE9540}"
EndProject
Project("{9A19103F-16F7-4668-BE54-9A1E7A4F7556}") = "TransactionService.ReadModel.Queries.RavenDB", "TransactionService.ReadModel.Queries.RavenDB\TransactionService.ReadModel.Queries.RavenDB.csproj", "{2E176354-C6FD-47D5-9906-898699626531}"
EndProject
Project("{9A19103F-16F7-4668-BE54-9A1E7A4F7556}") = "TransactionService.WebApi", "TransactionService.WebApi\TransactionService.WebApi.csproj", "{F05DD76B-1848-4AAC-878D-A6E9633E5D7F}"
EndProject
Project("{2150E333-8FDC-42A3-9474-1A3956D46DE8}") = "04_WebApi", "04_WebApi", "{9B73F1D2-0BC6-439E-A2C2-C9C41B3FC061}"
EndProject
Project("{9A19103F-16F7-4668-BE54-9A1E7A4F7556}") = "TransactionService.WebApi.ServiceInterface", "TransactionService.WebApi.ServiceInterface\TransactionService.WebApi.ServiceInterface.csproj", "{7F50C38F-BAC2-41B0-82D9-AFDAE1CC3C85}"
EndProject
Project("{9A19103F-16F7-4668-BE54-9A1E7A4F7556}") = "TransactionService.WebApi.ServiceModel", "TransactionService.WebApi.ServiceModel\TransactionService.WebApi.ServiceModel.csproj", "{0415F3AD-F1C2-4798-BD07-079742EB329D}"
EndProject
Project("{9A19103F-16F7-4668-BE54-9A1E7A4F7556}") = "TransactionService.Common", "TransactionService.Common\TransactionService.Common.csproj", "{CD5560D8-7207-4603-960C-82578FE32DA8}"
EndProject
Project("{2150E333-8FDC-42A3-9474-1A3956D46DE8}") = "00_Common", "00_Common", "{CD1433C3-289E-4003-BCA9-B90CC1C868C4}"
EndProject
Project("{2150E333-8FDC-42A3-9474-1A3956D46DE8}") = "Application", "Application", "{A0905FEA-C441-423F-A381-5790ACBA7180}"
EndProject
Project("{9A19103F-16F7-4668-BE54-9A1E7A4F7556}") = "TransactionService.ReadModel.App", "TransactionService.ReadModel.App\TransactionService.ReadModel.App.csproj", "{FF4F436C-6E03-4366-9D05-D90F6869D22D}"
EndProject
Project("{9A19103F-16F7-4668-BE54-9A1E7A4F7556}") = "TransactionService.WebApi.Impl", "TransactionService.WebApi.Impl\TransactionService.WebApi.Impl.csproj", "{C9F442A2-DEE4-46F2-894D-570840177854}"
EndProject
Project("{9A19103F-16F7-4668-BE54-9A1E7A4F7556}") = "TransactionService.ReadModel.Impl", "TransactionService.ReadModel.Impl\TransactionService.ReadModel.Impl.csproj", "{85F82F64-D18F-4CDD-9C93-93A0FF191771}"
EndProject
Project("{2150E333-8FDC-42A3-9474-1A3956D46DE8}") = "Impl", "Impl", "{23EB85C5-4021-4113-A841-F008E13D20CF}"
EndProject
Project("{2150E333-8FDC-42A3-9474-1A3956D46DE8}") = "05_Api", "05_Api", "{0D9E59D6-5355-44FE-A0CD-9D1D747B5807}"
EndProject
Project("{9A19103F-16F7-4668-BE54-9A1E7A4F7556}") = "TransactionService.Api", "TransactionService.Api\TransactionService.Api.csproj", "{8719F072-458C-4B1B-B2AA-A2423BFBE32F}"
EndProject
Project("{9A19103F-16F7-4668-BE54-9A1E7A4F7556}") = "TransactionService.Api.ServiceModel", "TransactionService.Api.ServiceModel\TransactionService.Api.ServiceModel.csproj", "{F53678F3-022B-42DD-9F7B-64A02EE0AD27}"
EndProject
Project("{9A19103F-16F7-4668-BE54-9A1E7A4F7556}") = "TransactionService.Api.ServiceInterface", "TransactionService.Api.ServiceInterface\TransactionService.Api.ServiceInterface.csproj", "{BA8B7FF4-D049-4BFD-AD94-45C82F31310D}"
EndProject
Project("{9A19103F-16F7-4668-BE54-9A1E7A4F7556}") = "TransactionService.Api.Impl", "TransactionService.Api.Impl\TransactionService.Api.Impl.csproj", "{5E9E0E0A-E4B9-4515-B161-BEAE902E9A42}"
EndProject
Project("{2150E333-8FDC-42A3-9474-1A3956D46DE8}") = "09_Docker", "09_Docker", "{4298F898-50A0-4642-979D-2E7E00120E3A}"
	ProjectSection(SolutionItems) = preProject
		databases-stack.yml = databases-stack.yml
		ReadMe.md = ReadMe.md
	EndProjectSection
EndProject
Global
	GlobalSection(SolutionConfigurationPlatforms) = preSolution
		Debug|Any CPU = Debug|Any CPU
		Release|Any CPU = Release|Any CPU
	EndGlobalSection
	GlobalSection(ProjectConfigurationPlatforms) = postSolution
		{BA326DC9-5001-42AA-ADFA-DCBCDBAD14EE}.Debug|Any CPU.ActiveCfg = Debug|Any CPU
		{BA326DC9-5001-42AA-ADFA-DCBCDBAD14EE}.Debug|Any CPU.Build.0 = Debug|Any CPU
		{BA326DC9-5001-42AA-ADFA-DCBCDBAD14EE}.Release|Any CPU.ActiveCfg = Release|Any CPU
		{BA326DC9-5001-42AA-ADFA-DCBCDBAD14EE}.Release|Any CPU.Build.0 = Release|Any CPU
		{89CA37CC-FADE-4F32-88A1-A5B5FE42EB3C}.Debug|Any CPU.ActiveCfg = Debug|Any CPU
		{89CA37CC-FADE-4F32-88A1-A5B5FE42EB3C}.Debug|Any CPU.Build.0 = Debug|Any CPU
		{89CA37CC-FADE-4F32-88A1-A5B5FE42EB3C}.Release|Any CPU.ActiveCfg = Release|Any CPU
		{89CA37CC-FADE-4F32-88A1-A5B5FE42EB3C}.Release|Any CPU.Build.0 = Release|Any CPU
		{B0AE2AAD-6FBD-4D35-BBD2-B22BBCAB13D6}.Debug|Any CPU.ActiveCfg = Debug|Any CPU
		{B0AE2AAD-6FBD-4D35-BBD2-B22BBCAB13D6}.Debug|Any CPU.Build.0 = Debug|Any CPU
		{B0AE2AAD-6FBD-4D35-BBD2-B22BBCAB13D6}.Release|Any CPU.ActiveCfg = Release|Any CPU
		{B0AE2AAD-6FBD-4D35-BBD2-B22BBCAB13D6}.Release|Any CPU.Build.0 = Release|Any CPU
		{C78C4C24-6770-4178-84EC-196414FFC875}.Debug|Any CPU.ActiveCfg = Debug|Any CPU
		{C78C4C24-6770-4178-84EC-196414FFC875}.Debug|Any CPU.Build.0 = Debug|Any CPU
		{C78C4C24-6770-4178-84EC-196414FFC875}.Release|Any CPU.ActiveCfg = Release|Any CPU
		{C78C4C24-6770-4178-84EC-196414FFC875}.Release|Any CPU.Build.0 = Release|Any CPU
		{13FC4970-0AD6-41FB-9430-3F34BBCBD66F}.Debug|Any CPU.ActiveCfg = Debug|Any CPU
		{13FC4970-0AD6-41FB-9430-3F34BBCBD66F}.Debug|Any CPU.Build.0 = Debug|Any CPU
		{13FC4970-0AD6-41FB-9430-3F34BBCBD66F}.Release|Any CPU.ActiveCfg = Release|Any CPU
		{13FC4970-0AD6-41FB-9430-3F34BBCBD66F}.Release|Any CPU.Build.0 = Release|Any CPU
		{D2A6BA24-A206-4997-B3FD-8EFB013D8C77}.Debug|Any CPU.ActiveCfg = Debug|Any CPU
		{D2A6BA24-A206-4997-B3FD-8EFB013D8C77}.Debug|Any CPU.Build.0 = Debug|Any CPU
		{D2A6BA24-A206-4997-B3FD-8EFB013D8C77}.Release|Any CPU.ActiveCfg = Release|Any CPU
		{D2A6BA24-A206-4997-B3FD-8EFB013D8C77}.Release|Any CPU.Build.0 = Release|Any CPU
		{346F418E-1B0C-4E38-B1C9-52D11CA8DFBA}.Debug|Any CPU.ActiveCfg = Debug|Any CPU
		{346F418E-1B0C-4E38-B1C9-52D11CA8DFBA}.Debug|Any CPU.Build.0 = Debug|Any CPU
		{346F418E-1B0C-4E38-B1C9-52D11CA8DFBA}.Release|Any CPU.ActiveCfg = Release|Any CPU
		{346F418E-1B0C-4E38-B1C9-52D11CA8DFBA}.Release|Any CPU.Build.0 = Release|Any CPU
		{51BEBC9F-01CA-48E7-A7D1-F537D5CEF4E4}.Debug|Any CPU.ActiveCfg = Debug|Any CPU
		{51BEBC9F-01CA-48E7-A7D1-F537D5CEF4E4}.Debug|Any CPU.Build.0 = Debug|Any CPU
		{51BEBC9F-01CA-48E7-A7D1-F537D5CEF4E4}.Release|Any CPU.ActiveCfg = Release|Any CPU
		{51BEBC9F-01CA-48E7-A7D1-F537D5CEF4E4}.Release|Any CPU.Build.0 = Release|Any CPU
		{2E176354-C6FD-47D5-9906-898699626531}.Debug|Any CPU.ActiveCfg = Debug|Any CPU
		{2E176354-C6FD-47D5-9906-898699626531}.Debug|Any CPU.Build.0 = Debug|Any CPU
		{2E176354-C6FD-47D5-9906-898699626531}.Release|Any CPU.ActiveCfg = Release|Any CPU
		{2E176354-C6FD-47D5-9906-898699626531}.Release|Any CPU.Build.0 = Release|Any CPU
		{F05DD76B-1848-4AAC-878D-A6E9633E5D7F}.Debug|Any CPU.ActiveCfg = Debug|Any CPU
		{F05DD76B-1848-4AAC-878D-A6E9633E5D7F}.Debug|Any CPU.Build.0 = Debug|Any CPU
		{F05DD76B-1848-4AAC-878D-A6E9633E5D7F}.Release|Any CPU.ActiveCfg = Release|Any CPU
		{F05DD76B-1848-4AAC-878D-A6E9633E5D7F}.Release|Any CPU.Build.0 = Release|Any CPU
		{7F50C38F-BAC2-41B0-82D9-AFDAE1CC3C85}.Debug|Any CPU.ActiveCfg = Debug|Any CPU
		{7F50C38F-BAC2-41B0-82D9-AFDAE1CC3C85}.Debug|Any CPU.Build.0 = Debug|Any CPU
		{7F50C38F-BAC2-41B0-82D9-AFDAE1CC3C85}.Release|Any CPU.ActiveCfg = Release|Any CPU
		{7F50C38F-BAC2-41B0-82D9-AFDAE1CC3C85}.Release|Any CPU.Build.0 = Release|Any CPU
		{0415F3AD-F1C2-4798-BD07-079742EB329D}.Debug|Any CPU.ActiveCfg = Debug|Any CPU
		{0415F3AD-F1C2-4798-BD07-079742EB329D}.Debug|Any CPU.Build.0 = Debug|Any CPU
		{0415F3AD-F1C2-4798-BD07-079742EB329D}.Release|Any CPU.ActiveCfg = Release|Any CPU
		{0415F3AD-F1C2-4798-BD07-079742EB329D}.Release|Any CPU.Build.0 = Release|Any CPU
		{CD5560D8-7207-4603-960C-82578FE32DA8}.Debug|Any CPU.ActiveCfg = Debug|Any CPU
		{CD5560D8-7207-4603-960C-82578FE32DA8}.Debug|Any CPU.Build.0 = Debug|Any CPU
		{CD5560D8-7207-4603-960C-82578FE32DA8}.Release|Any CPU.ActiveCfg = Release|Any CPU
		{CD5560D8-7207-4603-960C-82578FE32DA8}.Release|Any CPU.Build.0 = Release|Any CPU
		{FF4F436C-6E03-4366-9D05-D90F6869D22D}.Debug|Any CPU.ActiveCfg = Debug|Any CPU
		{FF4F436C-6E03-4366-9D05-D90F6869D22D}.Debug|Any CPU.Build.0 = Debug|Any CPU
		{FF4F436C-6E03-4366-9D05-D90F6869D22D}.Release|Any CPU.ActiveCfg = Release|Any CPU
		{FF4F436C-6E03-4366-9D05-D90F6869D22D}.Release|Any CPU.Build.0 = Release|Any CPU
		{C9F442A2-DEE4-46F2-894D-570840177854}.Debug|Any CPU.ActiveCfg = Debug|Any CPU
		{C9F442A2-DEE4-46F2-894D-570840177854}.Debug|Any CPU.Build.0 = Debug|Any CPU
		{C9F442A2-DEE4-46F2-894D-570840177854}.Release|Any CPU.ActiveCfg = Release|Any CPU
		{C9F442A2-DEE4-46F2-894D-570840177854}.Release|Any CPU.Build.0 = Release|Any CPU
		{85F82F64-D18F-4CDD-9C93-93A0FF191771}.Debug|Any CPU.ActiveCfg = Debug|Any CPU
		{85F82F64-D18F-4CDD-9C93-93A0FF191771}.Debug|Any CPU.Build.0 = Debug|Any CPU
		{85F82F64-D18F-4CDD-9C93-93A0FF191771}.Release|Any CPU.ActiveCfg = Release|Any CPU
		{85F82F64-D18F-4CDD-9C93-93A0FF191771}.Release|Any CPU.Build.0 = Release|Any CPU
		{8719F072-458C-4B1B-B2AA-A2423BFBE32F}.Debug|Any CPU.ActiveCfg = Debug|Any CPU
		{8719F072-458C-4B1B-B2AA-A2423BFBE32F}.Debug|Any CPU.Build.0 = Debug|Any CPU
		{8719F072-458C-4B1B-B2AA-A2423BFBE32F}.Release|Any CPU.ActiveCfg = Release|Any CPU
		{8719F072-458C-4B1B-B2AA-A2423BFBE32F}.Release|Any CPU.Build.0 = Release|Any CPU
		{F53678F3-022B-42DD-9F7B-64A02EE0AD27}.Debug|Any CPU.ActiveCfg = Debug|Any CPU
		{F53678F3-022B-42DD-9F7B-64A02EE0AD27}.Debug|Any CPU.Build.0 = Debug|Any CPU
		{F53678F3-022B-42DD-9F7B-64A02EE0AD27}.Release|Any CPU.ActiveCfg = Release|Any CPU
		{F53678F3-022B-42DD-9F7B-64A02EE0AD27}.Release|Any CPU.Build.0 = Release|Any CPU
		{BA8B7FF4-D049-4BFD-AD94-45C82F31310D}.Debug|Any CPU.ActiveCfg = Debug|Any CPU
		{BA8B7FF4-D049-4BFD-AD94-45C82F31310D}.Debug|Any CPU.Build.0 = Debug|Any CPU
		{BA8B7FF4-D049-4BFD-AD94-45C82F31310D}.Release|Any CPU.ActiveCfg = Release|Any CPU
		{BA8B7FF4-D049-4BFD-AD94-45C82F31310D}.Release|Any CPU.Build.0 = Release|Any CPU
		{5E9E0E0A-E4B9-4515-B161-BEAE902E9A42}.Debug|Any CPU.ActiveCfg = Debug|Any CPU
		{5E9E0E0A-E4B9-4515-B161-BEAE902E9A42}.Debug|Any CPU.Build.0 = Debug|Any CPU
		{5E9E0E0A-E4B9-4515-B161-BEAE902E9A42}.Release|Any CPU.ActiveCfg = Release|Any CPU
		{5E9E0E0A-E4B9-4515-B161-BEAE902E9A42}.Release|Any CPU.Build.0 = Release|Any CPU
	EndGlobalSection
	GlobalSection(SolutionProperties) = preSolution
		HideSolutionNode = FALSE
	EndGlobalSection
	GlobalSection(NestedProjects) = preSolution
		{BA326DC9-5001-42AA-ADFA-DCBCDBAD14EE} = {7C51AC0D-172A-4CC1-8FA6-F11876809225}
		{30E9144B-A33B-4DEA-9B5C-0897F81BC53A} = {9D69CA7F-9ADC-4957-A11D-A37FF1A076E2}
		{89CA37CC-FADE-4F32-88A1-A5B5FE42EB3C} = {70760C75-ABDE-4459-9E11-0A09763AC8D9}
		{70760C75-ABDE-4459-9E11-0A09763AC8D9} = {9D69CA7F-9ADC-4957-A11D-A37FF1A076E2}
		{B0AE2AAD-6FBD-4D35-BBD2-B22BBCAB13D6} = {23EB85C5-4021-4113-A841-F008E13D20CF}
		{ADC7A2B4-02D9-4C7C-B1B2-9C1B91A33DED} = {9D69CA7F-9ADC-4957-A11D-A37FF1A076E2}
		{C78C4C24-6770-4178-84EC-196414FFC875} = {ADC7A2B4-02D9-4C7C-B1B2-9C1B91A33DED}
		{13FC4970-0AD6-41FB-9430-3F34BBCBD66F} = {30E9144B-A33B-4DEA-9B5C-0897F81BC53A}
		{E2CFC051-2B50-48C8-8177-165A958F6757} = {BB17777B-4C37-4AE1-B628-2B11273908FC}
		{D2A6BA24-A206-4997-B3FD-8EFB013D8C77} = {E2CFC051-2B50-48C8-8177-165A958F6757}
		{C50A78DE-FDD8-4BAF-AD0A-4651CEC271A2} = {BB17777B-4C37-4AE1-B628-2B11273908FC}
		{346F418E-1B0C-4E38-B1C9-52D11CA8DFBA} = {C50A78DE-FDD8-4BAF-AD0A-4651CEC271A2}
		{51BEBC9F-01CA-48E7-A7D1-F537D5CEF4E4} = {C50A78DE-FDD8-4BAF-AD0A-4651CEC271A2}
		{3163812D-6981-4F38-83FB-2300D6DE9540} = {BB17777B-4C37-4AE1-B628-2B11273908FC}
		{2E176354-C6FD-47D5-9906-898699626531} = {3163812D-6981-4F38-83FB-2300D6DE9540}
		{F05DD76B-1848-4AAC-878D-A6E9633E5D7F} = {9B73F1D2-0BC6-439E-A2C2-C9C41B3FC061}
		{7F50C38F-BAC2-41B0-82D9-AFDAE1CC3C85} = {9B73F1D2-0BC6-439E-A2C2-C9C41B3FC061}
		{0415F3AD-F1C2-4798-BD07-079742EB329D} = {9B73F1D2-0BC6-439E-A2C2-C9C41B3FC061}
		{CD5560D8-7207-4603-960C-82578FE32DA8} = {CD1433C3-289E-4003-BCA9-B90CC1C868C4}
		{A0905FEA-C441-423F-A381-5790ACBA7180} = {BB17777B-4C37-4AE1-B628-2B11273908FC}
		{FF4F436C-6E03-4366-9D05-D90F6869D22D} = {A0905FEA-C441-423F-A381-5790ACBA7180}
		{C9F442A2-DEE4-46F2-894D-570840177854} = {9B73F1D2-0BC6-439E-A2C2-C9C41B3FC061}
		{85F82F64-D18F-4CDD-9C93-93A0FF191771} = {E2CFC051-2B50-48C8-8177-165A958F6757}
		{23EB85C5-4021-4113-A841-F008E13D20CF} = {70760C75-ABDE-4459-9E11-0A09763AC8D9}
		{8719F072-458C-4B1B-B2AA-A2423BFBE32F} = {0D9E59D6-5355-44FE-A0CD-9D1D747B5807}
		{F53678F3-022B-42DD-9F7B-64A02EE0AD27} = {0D9E59D6-5355-44FE-A0CD-9D1D747B5807}
		{BA8B7FF4-D049-4BFD-AD94-45C82F31310D} = {0D9E59D6-5355-44FE-A0CD-9D1D747B5807}
		{5E9E0E0A-E4B9-4515-B161-BEAE902E9A42} = {0D9E59D6-5355-44FE-A0CD-9D1D747B5807}
	EndGlobalSection
	GlobalSection(ExtensibilityGlobals) = postSolution
		SolutionGuid = {19C1B536-2174-4619-A125-D9DC2F1D53BC}
	EndGlobalSection
EndGlobal
